
Microsoft Visual Studio Solution File, Format Version 12.00
# Visual Studio Version 16
VisualStudioVersion = 16.0.31729.503
MinimumVisualStudioVersion = 10.0.40219.1
Project("{FAE04EC0-301F-11D3-BF4B-00C04F79EFBC}") = "PKS", "PKS\PKS.csproj", "{EEF9F16D-BB5D-4B50-BA6B-D5BDBA3E6323}"
EndProject
Global
	GlobalSection(SolutionConfigurationPlatforms) = preSolution
		Debug|Any CPU = Debug|Any CPU
		Release|Any CPU = Release|Any CPU
	EndGlobalSection
	GlobalSection(ProjectConfigurationPlatforms) = postSolution
		{EEF9F16D-BB5D-4B50-BA6B-D5BDBA3E6323}.Debug|Any CPU.ActiveCfg = Debug|Any CPU
		{EEF9F16D-BB5D-4B50-BA6B-D5BDBA3E6323}.Debug|Any CPU.Build.0 = Debug|Any CPU
		{EEF9F16D-BB5D-4B50-BA6B-D5BDBA3E6323}.Release|Any CPU.ActiveCfg = Release|Any CPU
		{EEF9F16D-BB5D-4B50-BA6B-D5BDBA3E6323}.Release|Any CPU.Build.0 = Release|Any CPU
	EndGlobalSection
	GlobalSection(SolutionProperties) = preSolution
		HideSolutionNode = FALSE
	EndGlobalSection
	GlobalSection(ExtensibilityGlobals) = postSolution
		SolutionGuid = {1E284A9F-C6E3-4930-AC05-4F5847A3AFC8}
	EndGlobalSection
EndGlobal
